{
  "version": 4,
  "terraform_version": "1.11.4",
  "serial": 15,
  "lineage": "9917d33a-0b5a-0a59-5d0d-92c6fdcea615",
  "outputs": {},
  "resources": [
    {
      "mode": "data",
      "type": "google_project",
      "name": "current",
      "provider": "provider[\"registry.terraform.io/hashicorp/google\"]",
      "instances": [
        {
          "schema_version": 0,
          "attributes": {
            "auto_create_network": null,
            "billing_account": "015C5A-685E86-0FCFAF",
            "folder_id": null,
            "id": "projects/sentiment-analysis-app-455917",
            "labels": {},
            "name": "Sentiment Analysis App",
            "number": "644542003635",
            "org_id": null,
            "project_id": "sentiment-analysis-app-455917",
            "skip_delete": null
          },
          "sensitive_attributes": []
        }
      ]
    },
    {
      "mode": "managed",
      "type": "google_artifact_registry_repository",
      "name": "repo",
      "provider": "provider[\"registry.terraform.io/hashicorp/google\"]",
      "instances": [
        {
          "schema_version": 0,
          "attributes": {
            "create_time": "2025-04-28T18:19:08.845547Z",
            "description": "Docker repository for container images",
            "docker_config": [],
            "format": "DOCKER",
            "id": "projects/sentiment-analysis-app-455917/locations/europe-west1/repositories/docker-repo",
            "kms_key_name": "",
            "labels": {},
            "location": "europe-west1",
            "maven_config": [],
            "mode": "STANDARD_REPOSITORY",
            "name": "docker-repo",
            "project": "sentiment-analysis-app-455917",
            "remote_repository_config": [],
            "repository_id": "docker-repo",
            "timeouts": null,
            "update_time": "2025-04-28T18:19:08.845547Z",
            "virtual_repository_config": []
          },
          "sensitive_attributes": [],
          "private": "eyJlMmJmYjczMC1lY2FhLTExZTYtOGY4OC0zNDM2M2JjN2M0YzAiOnsiY3JlYXRlIjoxMjAwMDAwMDAwMDAwLCJkZWxldGUiOjEyMDAwMDAwMDAwMDAsInVwZGF0ZSI6MTIwMDAwMDAwMDAwMH19",
          "dependencies": [
            "google_project_service.enable_artifact_registry"
          ]
        }
      ]
    },
    {
      "mode": "managed",
      "type": "google_artifact_registry_repository_iam_member",
      "name": "artifact_reader",
      "provider": "provider[\"registry.terraform.io/hashicorp/google\"]",
      "instances": [
        {
          "schema_version": 0,
          "attributes": {
            "condition": [],
            "etag": "BwYz2rlGkqY=",
            "id": "projects/sentiment-analysis-app-455917/locations/europe-west1/repositories/docker-repo/roles/artifactregistry.reader/serviceAccount:cloud-run-sa@sentiment-analysis-app-455917.iam.gserviceaccount.com",
            "location": "europe-west1",
            "member": "serviceAccount:cloud-run-sa@sentiment-analysis-app-455917.iam.gserviceaccount.com",
            "project": "sentiment-analysis-app-455917",
            "repository": "projects/sentiment-analysis-app-455917/locations/europe-west1/repositories/docker-repo",
            "role": "roles/artifactregistry.reader"
          },
          "sensitive_attributes": [],
          "private": "bnVsbA==",
          "dependencies": [
            "google_artifact_registry_repository.repo",
            "google_project_service.enable_artifact_registry",
            "google_service_account.cloud_run_sa"
          ]
        }
      ]
    },
    {
      "mode": "managed",
      "type": "google_artifact_registry_repository_iam_member",
      "name": "artifact_writer",
      "provider": "provider[\"registry.terraform.io/hashicorp/google\"]",
      "instances": [
        {
          "schema_version": 0,
          "attributes": {
            "condition": [],
            "etag": "BwYz2rlGkqY=",
            "id": "projects/sentiment-analysis-app-455917/locations/europe-west1/repositories/docker-repo/roles/artifactregistry.writer/serviceAccount:644542003635@cloudbuild.gserviceaccount.com",
            "location": "europe-west1",
            "member": "serviceAccount:644542003635@cloudbuild.gserviceaccount.com",
            "project": "sentiment-analysis-app-455917",
            "repository": "projects/sentiment-analysis-app-455917/locations/europe-west1/repositories/docker-repo",
            "role": "roles/artifactregistry.writer"
          },
          "sensitive_attributes": [],
          "private": "bnVsbA==",
          "dependencies": [
            "data.google_project.current",
            "google_artifact_registry_repository.repo",
            "google_project_service.enable_artifact_registry"
          ]
        }
      ]
    },
    {
      "mode": "managed",
      "type": "google_cloud_run_service",
      "name": "app",
      "provider": "provider[\"registry.terraform.io/hashicorp/google\"]",
      "instances": [
        {
          "status": "tainted",
          "schema_version": 1,
          "attributes": {
            "autogenerate_revision_name": false,
            "id": "locations/europe-west1/namespaces/sentiment-analysis-app-455917/services/sentiment-analysis-app",
            "location": "europe-west1",
            "metadata": null,
            "name": "sentiment-analysis-app",
            "project": "sentiment-analysis-app-455917",
            "status": null,
            "template": [
              {
                "metadata": [],
                "spec": [
                  {
                    "container_concurrency": 0,
                    "containers": [
                      {
                        "args": null,
                        "command": null,
                        "env": [],
                        "env_from": [],
                        "image": "europe-west1-docker.pkg.dev/sentiment-analysis-app-455917/docker-repo/sentiment-analysis-app:latest",
                        "liveness_probe": [],
                        "name": "",
                        "ports": [],
                        "resources": [
                          {
                            "limits": {
                              "memory": "2Gi"
                            },
                            "requests": null
                          }
                        ],
                        "startup_probe": [],
                        "volume_mounts": [],
                        "working_dir": ""
                      }
                    ],
                    "service_account_name": "cloud-run-sa@sentiment-analysis-app-455917.iam.gserviceaccount.com",
                    "serving_state": "",
                    "timeout_seconds": 0,
                    "volumes": []
                  }
                ]
              }
            ],
            "timeouts": null,
            "traffic": [
              {
                "latest_revision": true,
                "percent": 100,
                "revision_name": "",
                "tag": "",
                "url": ""
              }
            ]
          },
          "sensitive_attributes": [],
          "private": "eyJlMmJmYjczMC1lY2FhLTExZTYtOGY4OC0zNDM2M2JjN2M0YzAiOnsiY3JlYXRlIjoxMjAwMDAwMDAwMDAwLCJkZWxldGUiOjEyMDAwMDAwMDAwMDAsInVwZGF0ZSI6MTIwMDAwMDAwMDAwMH0sInNjaGVtYV92ZXJzaW9uIjoiMSJ9",
          "dependencies": [
            "google_artifact_registry_repository.repo",
            "google_project_service.enable_artifact_registry",
            "google_project_service.enable_cloud_run",
            "google_service_account.cloud_run_sa"
          ]
        }
      ]
    },
    {
      "mode": "managed",
      "type": "google_project_iam_member",
      "name": "cloudbuild_run_admin",
      "provider": "provider[\"registry.terraform.io/hashicorp/google\"]",
      "instances": [
        {
          "schema_version": 0,
          "attributes": {
            "condition": [],
            "etag": "BwYz2rfB/6c=",
            "id": "sentiment-analysis-app-455917/roles/run.admin/serviceAccount:644542003635@cloudbuild.gserviceaccount.com",
            "member": "serviceAccount:644542003635@cloudbuild.gserviceaccount.com",
            "project": "sentiment-analysis-app-455917",
            "role": "roles/run.admin"
          },
          "sensitive_attributes": [],
          "private": "bnVsbA==",
          "dependencies": [
            "data.google_project.current"
          ]
        }
      ]
    },
    {
      "mode": "managed",
      "type": "google_project_service",
      "name": "enable_artifact_registry",
      "provider": "provider[\"registry.terraform.io/hashicorp/google\"]",
      "instances": [
        {
          "schema_version": 0,
          "attributes": {
            "disable_dependent_services": null,
            "disable_on_destroy": false,
            "id": "sentiment-analysis-app-455917/artifactregistry.googleapis.com",
            "project": "sentiment-analysis-app-455917",
            "service": "artifactregistry.googleapis.com",
            "timeouts": null
          },
          "sensitive_attributes": [],
          "private": "eyJlMmJmYjczMC1lY2FhLTExZTYtOGY4OC0zNDM2M2JjN2M0YzAiOnsiY3JlYXRlIjoxMjAwMDAwMDAwMDAwLCJkZWxldGUiOjEyMDAwMDAwMDAwMDAsInJlYWQiOjYwMDAwMDAwMDAwMCwidXBkYXRlIjoxMjAwMDAwMDAwMDAwfX0="
        }
      ]
    },
    {
      "mode": "managed",
      "type": "google_project_service",
      "name": "enable_cloud_build",
      "provider": "provider[\"registry.terraform.io/hashicorp/google\"]",
      "instances": [
        {
          "schema_version": 0,
          "attributes": {
            "disable_dependent_services": null,
            "disable_on_destroy": false,
            "id": "sentiment-analysis-app-455917/cloudbuild.googleapis.com",
            "project": "sentiment-analysis-app-455917",
            "service": "cloudbuild.googleapis.com",
            "timeouts": null
          },
          "sensitive_attributes": [],
          "private": "eyJlMmJmYjczMC1lY2FhLTExZTYtOGY4OC0zNDM2M2JjN2M0YzAiOnsiY3JlYXRlIjoxMjAwMDAwMDAwMDAwLCJkZWxldGUiOjEyMDAwMDAwMDAwMDAsInJlYWQiOjYwMDAwMDAwMDAwMCwidXBkYXRlIjoxMjAwMDAwMDAwMDAwfX0="
        }
      ]
    },
    {
      "mode": "managed",
      "type": "google_project_service",
      "name": "enable_cloud_run",
      "provider": "provider[\"registry.terraform.io/hashicorp/google\"]",
      "instances": [
        {
          "schema_version": 0,
          "attributes": {
            "disable_dependent_services": null,
            "disable_on_destroy": false,
            "id": "sentiment-analysis-app-455917/run.googleapis.com",
            "project": "sentiment-analysis-app-455917",
            "service": "run.googleapis.com",
            "timeouts": null
          },
          "sensitive_attributes": [],
          "private": "eyJlMmJmYjczMC1lY2FhLTExZTYtOGY4OC0zNDM2M2JjN2M0YzAiOnsiY3JlYXRlIjoxMjAwMDAwMDAwMDAwLCJkZWxldGUiOjEyMDAwMDAwMDAwMDAsInJlYWQiOjYwMDAwMDAwMDAwMCwidXBkYXRlIjoxMjAwMDAwMDAwMDAwfX0="
        }
      ]
    },
    {
      "mode": "managed",
      "type": "google_service_account",
      "name": "cloud_run_sa",
      "provider": "provider[\"registry.terraform.io/hashicorp/google\"]",
      "instances": [
        {
          "schema_version": 0,
          "attributes": {
            "account_id": "cloud-run-sa",
            "description": "",
            "disabled": false,
            "display_name": "Cloud Run runtime service account",
            "email": "cloud-run-sa@sentiment-analysis-app-455917.iam.gserviceaccount.com",
            "id": "projects/sentiment-analysis-app-455917/serviceAccounts/cloud-run-sa@sentiment-analysis-app-455917.iam.gserviceaccount.com",
            "member": "serviceAccount:cloud-run-sa@sentiment-analysis-app-455917.iam.gserviceaccount.com",
            "name": "projects/sentiment-analysis-app-455917/serviceAccounts/cloud-run-sa@sentiment-analysis-app-455917.iam.gserviceaccount.com",
            "project": "sentiment-analysis-app-455917",
            "timeouts": null,
            "unique_id": "110142228484382603486"
          },
          "sensitive_attributes": [],
          "private": "eyJlMmJmYjczMC1lY2FhLTExZTYtOGY4OC0zNDM2M2JjN2M0YzAiOnsiY3JlYXRlIjozMDAwMDAwMDAwMDB9fQ=="
        }
      ]
    },
    {
      "mode": "managed",
      "type": "google_service_account_iam_member",
      "name": "cloudbuild_run_sa_user",
      "provider": "provider[\"registry.terraform.io/hashicorp/google\"]",
      "instances": [
        {
          "schema_version": 0,
          "attributes": {
            "condition": [],
            "etag": "BwYz2resqaI=",
            "id": "projects/sentiment-analysis-app-455917/serviceAccounts/cloud-run-sa@sentiment-analysis-app-455917.iam.gserviceaccount.com/roles/iam.serviceAccountUser/serviceAccount:644542003635@cloudbuild.gserviceaccount.com",
            "member": "serviceAccount:644542003635@cloudbuild.gserviceaccount.com",
            "role": "roles/iam.serviceAccountUser",
            "service_account_id": "projects/sentiment-analysis-app-455917/serviceAccounts/cloud-run-sa@sentiment-analysis-app-455917.iam.gserviceaccount.com"
          },
          "sensitive_attributes": [],
          "private": "bnVsbA==",
          "dependencies": [
            "data.google_project.current",
            "google_service_account.cloud_run_sa"
          ]
        }
      ]
    }
  ],
  "check_results": null
}
